<?xml version="1.0" encoding="utf-8"?>
<Project ToolsVersion="4.0" xmlns="http://schemas.microsoft.com/developer/msbuild/2003">
  <ItemGroup>
    <Filter Include="Source Files">
      <UniqueIdentifier>{4FC737F1-C7A5-4376-A066-2A32D752A2FF}</UniqueIdentifier>
      <Extensions>cpp;c;cc;cxx;c++;def;odl;idl;hpj;bat;asm;asmx</Extensions>
    </Filter>
    <Filter Include="Header Files">
      <UniqueIdentifier>{93995380-89BD-4b04-88EB-625FBE52EBFB}</UniqueIdentifier>
      <Extensions>h;hh;hpp;hxx;h++;hm;inl;inc;ipp;xsd</Extensions>
    </Filter>
    <Filter Include="Resource Files">
      <UniqueIdentifier>{67DA6AB6-F800-4c08-8B7A-83BB121AAD01}</UniqueIdentifier>
      <Extensions>rc;ico;cur;bmp;dlg;rc2;rct;bin;rgs;gif;jpg;jpeg;jpe;resx;tiff;tif;png;wav;mfcribbon-ms</Extensions>
    </Filter>
    <Filter Include="Resource Files\Assential DLLs">
      <UniqueIdentifier>{b3926027-1631-40c1-bac7-3500d0bc30c0}</UniqueIdentifier>
    </Filter>
    <Filter Include="Resource Files\Assential DLLs\Debug">
      <UniqueIdentifier>{4edf961e-8524-40a2-8cfb-fbb5cf5ca29e}</UniqueIdentifier>
    </Filter>
    <Filter Include="Resource Files\Assential DLLs\Release">
      <UniqueIdentifier>{e6419bcb-5b77-4666-9372-a5a30b2a62cd}</UniqueIdentifier>
    </Filter>
  </ItemGroup>
  <ItemGroup>
    <ClInclude Include="pch.h">
      <Filter>Header Files</Filter>
    </ClInclude>
    <ClInclude Include="BodyClass.h">
      <Filter>Header Files</Filter>
    </ClInclude>
    <ClInclude Include="Panning.h">
      <Filter>Header Files</Filter>
    </ClInclude>
  </ItemGroup>
  <ItemGroup>
    <ClCompile Include="pch.cpp">
      <Filter>Source Files</Filter>
    </ClCompile>
    <ClCompile Include="main.cpp">
      <Filter>Source Files</Filter>
    </ClCompile>
    <ClCompile Include="BodyClass.cpp">
      <Filter>Source Files</Filter>
    </ClCompile>
    <ClCompile Include="Panning.cpp">
      <Filter>Source Files</Filter>
    </ClCompile>
  </ItemGroup>
  <ItemGroup>
    <Image Include="Files\Images\earth.png">
      <Filter>Resource Files</Filter>
    </Image>
    <Image Include="Files\Images\mars.png">
      <Filter>Resource Files</Filter>
    </Image>
    <Image Include="Files\Images\mercury.png">
      <Filter>Resource Files</Filter>
    </Image>
    <Image Include="Files\Images\venus.png">
      <Filter>Resource Files</Filter>
    </Image>
  </ItemGroup>
  <ItemGroup>
    <None Include="..\x64\Release\sfml-system-2.dll">
      <Filter>Resource Files\Assential DLLs\Release</Filter>
    </None>
    <None Include="..\x64\Release\sfml-audio-2.dll">
      <Filter>Resource Files\Assential DLLs\Release</Filter>
    </None>
    <None Include="..\x64\Release\sfml-graphics-2.dll">
      <Filter>Resource Files\Assential DLLs\Release</Filter>
    </None>
    <None Include="..\x64\Release\sfml-network-2.dll">
      <Filter>Resource Files\Assential DLLs\Release</Filter>
    </None>
    <None Include="..\x64\Release\sfml-window-2.dll">
      <Filter>Resource Files\Assential DLLs\Release</Filter>
    </None>
    <None Include="..\x64\Debug\sfml-audio-d-2.dll">
      <Filter>Resource Files\Assential DLLs\Debug</Filter>
    </None>
    <None Include="..\x64\Debug\sfml-graphics-d-2.dll">
      <Filter>Resource Files\Assential DLLs\Debug</Filter>
    </None>
    <None Include="..\x64\Debug\sfml-network-d-2.dll">
      <Filter>Resource Files\Assential DLLs\Debug</Filter>
    </None>
    <None Include="..\x64\Debug\sfml-system-d-2.dll">
      <Filter>Resource Files\Assential DLLs\Debug</Filter>
    </None>
    <None Include="..\x64\Debug\sfml-window-d-2.dll">
      <Filter>Resource Files\Assential DLLs\Debug</Filter>
    </None>
  </ItemGroup>
</Project>